{
    "_meta": {
        "hash": {
            "sha256": "06fe504e44db1a8bae6a00dadcd35469cee3dd4086d0a43bb007137097a08d84"
        },
        "host-environment-markers": {
            "implementation_name": "cpython",
            "implementation_version": "3.5.3",
            "os_name": "posix",
            "platform_machine": "x86_64",
            "platform_python_implementation": "CPython",
            "platform_release": "4.10.0-37-generic",
            "platform_system": "Linux",
            "platform_version": "#41-Ubuntu SMP Fri Oct 6 20:20:37 UTC 2017",
            "python_full_version": "3.5.3",
            "python_version": "3.5",
            "sys_platform": "linux"
        },
        "pipfile-spec": 6,
        "requires": {},
        "sources": [
            {
                "name": "pypi",
                "url": "https://pypi.python.org/simple",
                "verify_ssl": true
            }
        ]
    },
    "default": {
        "boto": {
            "hashes": [
                "sha256:13be844158d1bd80a94c972c806ec8381b9ea72035aa06123c5db6bc6a6f3ead",
                "sha256:deb8925b734b109679e3de65856018996338758f4b916ff4fe7bb62b6d7000d1"
            ],
            "version": "==2.48.0"
        },
        "bz2file": {
            "hashes": [
                "sha256:64c1f811e31556ba9931953c8ec7b397488726c63e09a4c67004f43bdd28da88"
            ],
            "version": "==0.98"
        },
        "certifi": {
            "hashes": [
                "sha256:54a07c09c586b0e4c619f02a5e94e36619da8e2b053e20f594348c0611803704",
                "sha256:40523d2efb60523e113b44602298f0960e900388cf3bb6043f645cf57ea9e3f5"
            ],
            "version": "==2017.7.27.1"
        },
        "chardet": {
            "hashes": [
                "sha256:fc323ffcaeaed0e0a02bf4d117757b98aed530d9ed4531e3e15460124c106691",
                "sha256:84ab92ed1c4d4f16916e05906b6b75a6c0fb5db821cc65e70cbd64a3e2a5eaae"
            ],
            "version": "==3.0.4"
        },
        "gensim": {
            "hashes": [
                "sha256:e9eeb115b844b9c2dfb813b6342c80244c787bed3d05bf79713c61b4888abad3",
                "sha256:657c331d42a2f73daf3d0c94a4dc0124dfb904ccb0cfa147fd8014a044a27452",
                "sha256:9112d36599ef73c9dd969de8d9a0b6c65173c1e5fb5bd80878d179531fa7e98f",
                "sha256:8c33a5daab64df8c5c50efefb2a44a853d4c6693a9488c3a8922f7a140e52864",
                "sha256:75bdfcd113da24ed9caf3fe0f489480dafdb26c1863d30c85f49a617b3be7f2c",
                "sha256:9c44057ff7d13b76043a63dc9e239d8b7b3b8b84fe0d826f6b25747aec2d494f",
                "sha256:b476acff849a64cccd96d80ac76fcb7ae381867829f393b28a7b7964d93d0875",
                "sha256:e8e029700a95ed73dfef22574b59abe84f2091dd0caab5a043479824cf04c489",
                "sha256:facc27900ef7122931bb5b4cf60cea2ef7152596474e809c047a19d0babc1ab0",
                "sha256:4827012f6f020ac4f4067c2a2a88542391917113faaa417505e1ee8a1e7e2650",
                "sha256:afe041418cf5a7044242c9fd92da8b4020a034c27b46b8b5b6f3135777919307",
                "sha256:00eac06e7311f98c7ccad9f14744268759752092bf41df789b300b75daa24653",
                "sha256:b206f2ef937ac1c0e6027065bbdb86bac82a476c668e0f251a7d04e488d1d130",
                "sha256:115eb42014bd6cc5986395a18cac3ade8cd6447d645ddd4fb417529f43a2f0eb",
                "sha256:92c0cb4cc2b0f5bcaa74c3ae1c42ca1ec0b8555ea8c3afd9f7c936b5efb12547",
                "sha256:4860de181194fcc9c0a05ab6a6cc137a0dc8f844ea58689316086215e46b278d"
            ],
            "version": "==3.0.1"
        },
        "idna": {
            "hashes": [
                "sha256:8c7309c718f94b3a625cb648ace320157ad16ff131ae0af362c9f21b80ef6ec4",
                "sha256:2c6a5de3089009e3da7c5dde64a141dbc8551d5b7f6cf4ed7c2568d0cc520a8f"
            ],
            "version": "==2.6"
        },
        "nltk": {
            "hashes": [
                "sha256:2661f9971d983db314bbebd51ba770811a362c6597fd0f303bb1d3beadcb4834",
                "sha256:8a3bad9ff7f67d2828a7915c2fab93e6ca910c2015ef40799e1805fccf2354e5"
            ],
            "version": "==3.2.5"
        },
        "numpy": {
            "hashes": [
                "sha256:910e7ae5eeee8d322775187692c5c66719cd58d230fbfd57245ea3cf75716910",
                "sha256:f5c9ca457057cd5e12ddab36cded8b1f38bf1f45bf550d4ca2839b11ec57f597",
                "sha256:d29e72413b66df23c75b9b469253c823698ea2e00f58e9e0df64b7a50696e8ac",
                "sha256:539345898a4ae17421c159ae2a350901a5e6ce3da8f24168c6c67b3536e13de8",
                "sha256:929928932f91082a168e36984179deddd58f8e98822ad2f33a2955d7c4eec596",
                "sha256:62b09f3d1ea01d79c16a6642cb21599f53b9338c59971b2418a573155d2202ec",
                "sha256:c4b1914d86c43399438518a2ac8bcba2fb64dd5a18efddded3783b9daae70933",
                "sha256:6c6feb0647380db6e1d5d49ef9fb59c42240f25fb8df8b6e82ecb436c7e0621a",
                "sha256:da2f47e46d7a93b73891d1981378717dc73c6ad5cc4fd23c934bfea7847fa958",
                "sha256:4c767b6d9c9a071bb36ea34eb240ee5192fe0bc4c13be5e6c51e0350a30f7ac0",
                "sha256:b2f98838f4bbc3bf23af7e97ffcad18a2dc6bbb0726796781e02b9347af6685f",
                "sha256:11fcbed36c101a3b9c4636e791efccba82409ebbedaba938c97be8bdddd029cc",
                "sha256:8969c8f987f8bcc3e30c014532cfc20e4a8f86a50c361596e086310853adacb7",
                "sha256:2875e8055a1ea8d933b1c9d0f8714c0aa11c097bfadfcb8564c4d868fbf09a41",
                "sha256:09b87d652c03508447d0f618e1d3ae57595acd3e0f0c11ac91bf68ed7bdb3a28",
                "sha256:9cad35b911e150f00bb8080950c7e9f172714bbd0234f5ab74b4e3e2d9288b37",
                "sha256:479863de17f66810db00bccf35289555365da45d3b053ccf539b95ab3b9c24f6",
                "sha256:b162c6b044960b4ea0f42be049ce2af1d18c60f82748f0a27bd5ad182a731bf3",
                "sha256:fa656dccfa9141774440575a6e7875d08b93f4a332eb5ae40877b26bed291c01",
                "sha256:7dfa5b49fb2a080bd0d39bfbcff1177bacb14fcb28c857fd65fd0c18938935de",
                "sha256:e8e0e75db757e41463888939d26c8058b4ecd25e563c597e9119f512dc0ee1da",
                "sha256:c8dc6aa96882df6323bf9545934e37c6e05959bd789ae4b14d50509b093907aa",
                "sha256:36ee86d5adbabc4fa2643a073f93d5504bdfed37a149a3a49f4dde259f35a750"
            ],
            "version": "==1.13.3"
        },
        "requests": {
            "hashes": [
                "sha256:6a1b267aa90cac58ac3a765d067950e7dbbf75b1da07e895d1f594193a40a38b",
                "sha256:9c443e7324ba5b85070c4a818ade28bfabedf16ea10206da1132edaa6dda237e"
            ],
            "version": "==2.18.4"
        },
        "scipy": {
            "hashes": [
                "sha256:70e6fc3f2f52c9152f05e27eb9bd8543cb862cacb71f8521a571e4ffb837f450",
                "sha256:08041e5336fcd57defcc78650b44b3df652eff3e3a801638d894e50494fb630d",
                "sha256:ff8b6637d8d2c074ed67f3d57513e62f94747c6f1210f43e60ad3d8e93a424e4",
                "sha256:5964dba6a3c0be226d44d2520de8fb4ba1501768bad57eec687d36d3f53b6254",
                "sha256:bf36f3485e7b7291c36330a93bbfd4f5e8db23bbe4ea46c37b2839fef463f4e2",
                "sha256:e3a5673c105eab802fdecb77f102d877352e201df9328698a265b7f57546b34b",
                "sha256:cd23894e1cc6eaa00e6807b6b12e4ca66d5ff092986c9c3eb01e97f24e2d6462",
                "sha256:23a7238279ae94e088396b8b05a9795ef598dc79c5cd1adb91ad1ff87c7514fd",
                "sha256:3b66d5e40152175bca75cbbfd1eb5c108c50de9ae5625923f1c4f8f51cbe2dea",
                "sha256:fa17be6c66985931d3a391f61a6ba97c902585cf26020aa3eb24604115732d22",
                "sha256:d84df0bc86bbdd49f0a6b6bad5cd62ccb02a3bfe546bf79263de44ae081bcd7b",
                "sha256:912499ddb521b7ac6287ac4ccf5f296a83d38996c2d04f43c9e62a91f7b420aa",
                "sha256:889602ead28054a15e8c26e1a6b8420d5a4fa777cfeb3ec98cfa52b9f317d153",
                "sha256:5774adb6047983489bc81edaa72cd132e665e5680f0b2cf8ea28cd3b99e65d39",
                "sha256:01c7040a83eb4e020ab729488637dcadef54cb728b035b76668ab92a72515d60",
                "sha256:046705c604c6f1d63cad3e89677c0618b7abb40ed09a4c241c671a2d8e5128a9",
                "sha256:1f58fbd59e8d9652759df0d137832ff2a325ed708c173cba20c86589d811c210",
                "sha256:424500b2fe573d30de6dea927076c01acaadb3efb3d1f40340e8cc37151ccf27",
                "sha256:97123a25216616723083942eb595f47fee18da6b637a88b803de5f078009003c",
                "sha256:a79b99b8b5af9a63312bd053bbb7bdb7710e6bbb9cc81617f9f6b9b1e49c72f8",
                "sha256:9bd193686fd837472bdb6425486cb234ed0a4db76b930c141cc8d095ab213c8d",
                "sha256:a9e479648aab5f36330da94f351ebbfe79acb4e6f5e6ac6aeddc9291eb096839",
                "sha256:87ea1f11a0e9ec08c264dc64551d501fa307289460705f6fccd84cbfc7926d10"
            ],
            "version": "==1.0.0"
        },
        "six": {
            "hashes": [
                "sha256:832dc0e10feb1aa2c68dcc57dbb658f1c7e65b9b61af69048abc87a2db00a0eb",
                "sha256:70e8a77beed4562e7f14fe23a786b54f6296e34344c23bc42f07b15018ff98e9"
            ],
            "version": "==1.11.0"
        },
        "smart-open": {
            "hashes": [
                "sha256:fad4669acc2e6eb290b87265813cdb767e455e5f60f34af609da0c775c38b254"
            ],
            "version": "==1.5.3"
        },
        "tabulate": {
            "hashes": [
                "sha256:b9b4d2fc712c1e3b8f2970edf6d83fd8a329d0148de78bbe2755a79a96c190fa"
            ],
            "version": "==0.8.1"
        },
        "urllib3": {
            "hashes": [
                "sha256:06330f386d6e4b195fbfc736b297f58c5a892e4440e54d294d7004e3a9bbea1b",
                "sha256:cc44da8e1145637334317feebd728bd869a35285b93cbb4cca2577da7e62db4f"
            ],
            "version": "==1.22"
        }
    },
    "develop": {}
}
